
Microsoft Visual Studio Solution File, Format Version 12.00
# Visual Studio 14
VisualStudioVersion = 14.0.23107.0
MinimumVisualStudioVersion = 10.0.40219.1
Project("{888888A0-9F3D-457C-B088-3A5042F75D52}") = "0909_자료형_제어문", "0909_자료형_제어문\0909_자료형_제어문.pyproj", "{B8E9657C-0321-4576-9D0D-AE2AA5FD6C1F}"
EndProject
Global
	GlobalSection(SolutionConfigurationPlatforms) = preSolution
		Debug|Any CPU = Debug|Any CPU
		Release|Any CPU = Release|Any CPU
	EndGlobalSection
	GlobalSection(ProjectConfigurationPlatforms) = postSolution
		{B8E9657C-0321-4576-9D0D-AE2AA5FD6C1F}.Debug|Any CPU.ActiveCfg = Debug|Any CPU
		{B8E9657C-0321-4576-9D0D-AE2AA5FD6C1F}.Release|Any CPU.ActiveCfg = Release|Any CPU
	EndGlobalSection
	GlobalSection(SolutionProperties) = preSolution
		HideSolutionNode = FALSE
	EndGlobalSection
EndGlobal
